{
    "_readme": [
        "This file locks the dependencies of your project to a known state",
        "Read more about it at https://getcomposer.org/doc/01-basic-usage.md#composer-lock-the-lock-file",
        "This file is @generated automatically"
    ],
    "hash": "57786dbcc256d7e0da035cf12227525c",
    "content-hash": "47f05b7e3f9b17381bb60938012c08e0",
    "packages": [
        {
            "name": "SkyPress/wp-composer-hello-world",
            "version": "dev-master",
            "source": {
                "type": "git",
                "url": "https://github.com/skypress-bmo/wp-composer-hello-world-plugin.git",
                "reference": "cb2255c7a87b8c83442d4b7df20df5594bc37b09"
            },
            "dist": {
                "type": "zip",
                "url": "https://api.github.com/repos/skypress-bmo/wp-composer-hello-world-plugin/zipball/cb2255c7a87b8c83442d4b7df20df5594bc37b09",
                "reference": "cb2255c7a87b8c83442d4b7df20df5594bc37b09",
                "shasum": ""
            },
            "require": {
                "composer/installers": "~1.0"
            },
            "type": "wordpress-plugin",
            "autoload": {
                "psr-4": {
                    "SPWPC\\": "src/"
                }
            },
            "license": [
                "MIT"
            ],
            "authors": [
                {
                    "name": "BMO",
                    "email": "bmo@skypress.io"
                }
            ],
            "description": "WP Composer Test Hello World Plugin",
            "support": {
                "source": "https://github.com/skypress-bmo/wp-composer-hello-world-plugin/tree/master",
                "issues": "https://github.com/skypress-bmo/wp-composer-hello-world-plugin/issues"
            },
            "time": "2018-06-05 22:32:59"
        },
        {
            "name": "SkyPress/wp-composer-theme",
            "version": "dev-master",
            "source": {
                "type": "git",
                "url": "https://github.com/skypress-bmo/wp-composer-theme.git",
                "reference": "b2e1f01b8677493470bae802e39c289ca521e8a7"
            },
            "dist": {
                "type": "zip",
                "url": "https://api.github.com/repos/skypress-bmo/wp-composer-theme/zipball/b2e1f01b8677493470bae802e39c289ca521e8a7",
                "reference": "b2e1f01b8677493470bae802e39c289ca521e8a7",
                "shasum": ""
            },
            "require": {
                "composer/installers": "~1.0"
            },
            "type": "wordpress-theme",
            "license": [
                "MIT"
            ],
            "authors": [
                {
                    "name": "BMO",
                    "email": "bmo@skypress.io"
                }
            ],
            "description": "WP Composer Test Hello World Plugin",
            "support": {
                "source": "https://github.com/skypress-bmo/wp-composer-theme/tree/master",
                "issues": "https://github.com/skypress-bmo/wp-composer-theme/issues"
            },
            "time": "2018-06-05 21:46:29"
        },
        {
            "name": "composer/installers",
            "version": "v1.5.0",
            "source": {
                "type": "git",
                "url": "https://github.com/composer/installers.git",
                "reference": "049797d727261bf27f2690430d935067710049c2"
            },
            "dist": {
                "type": "zip",
                "url": "https://api.github.com/repos/composer/installers/zipball/049797d727261bf27f2690430d935067710049c2",
                "reference": "049797d727261bf27f2690430d935067710049c2",
                "shasum": ""
            },
            "require": {
                "composer-plugin-api": "^1.0"
            },
            "replace": {
                "roundcube/plugin-installer": "*",
                "shama/baton": "*"
            },
            "require-dev": {
                "composer/composer": "1.0.*@dev",
                "phpunit/phpunit": "^4.8.36"
            },
            "type": "composer-plugin",
            "extra": {
                "class": "Composer\\Installers\\Plugin",
                "branch-alias": {
                    "dev-master": "1.0-dev"
                }
            },
            "autoload": {
                "psr-4": {
                    "Composer\\Installers\\": "src/Composer/Installers"
                }
            },
            "notification-url": "https://packagist.org/downloads/",
            "license": [
                "MIT"
            ],
            "authors": [
                {
                    "name": "Kyle Robinson Young",
                    "email": "kyle@dontkry.com",
                    "homepage": "https://github.com/shama"
                }
            ],
            "description": "A multi-framework Composer library installer",
            "homepage": "https://composer.github.io/installers/",
            "keywords": [
                "Craft",
                "Dolibarr",
                "Eliasis",
                "Hurad",
                "ImageCMS",
                "Kanboard",
                "Lan Management System",
                "MODX Evo",
                "Mautic",
                "Maya",
                "OXID",
                "Plentymarkets",
                "Porto",
                "RadPHP",
                "SMF",
                "Thelia",
                "WolfCMS",
                "agl",
                "aimeos",
                "annotatecms",
                "attogram",
                "bitrix",
                "cakephp",
                "chef",
                "cockpit",
                "codeigniter",
                "concrete5",
                "croogo",
                "dokuwiki",
                "drupal",
                "eZ Platform",
                "elgg",
                "expressionengine",
                "fuelphp",
                "grav",
                "installer",
                "itop",
                "joomla",
                "kohana",
                "laravel",
                "lavalite",
                "lithium",
                "magento",
                "majima",
                "mako",
                "mediawiki",
                "modulework",
                "modx",
                "moodle",
                "osclass",
                "phpbb",
                "piwik",
                "ppi",
                "puppet",
                "pxcms",
                "reindex",
                "roundcube",
                "shopware",
                "silverstripe",
                "sydes",
                "symfony",
                "typo3",
                "wordpress",
                "yawik",
                "zend",
                "zikula"
            ],
            "time": "2017-12-29 09:13:20"
        },
        {
            "name": "wpackagist-plugin/gutenberg",
            "version": "3.0.1",
            "source": {
                "type": "svn",
                "url": "https://plugins.svn.wordpress.org/gutenberg/",
                "reference": "tags/3.0.1"
            },
            "dist": {
                "type": "zip",
                "url": "https://downloads.wordpress.org/plugin/gutenberg.3.0.1.zip",
                "reference": null,
                "shasum": null
            },
            "require": {
                "composer/installers": "~1.0"
            },
            "type": "wordpress-plugin",
            "homepage": "https://wordpress.org/plugins/gutenberg/"
        },
        {
            "name": "wpackagist-plugin/wordpress-seo",
            "version": "7.6",
            "source": {
                "type": "svn",
                "url": "https://plugins.svn.wordpress.org/wordpress-seo/",
                "reference": "tags/7.6"
            },
            "dist": {
                "type": "zip",
                "url": "https://downloads.wordpress.org/plugin/wordpress-seo.7.6.zip",
                "reference": null,
                "shasum": null
            },
            "require": {
                "composer/installers": "~1.0"
            },
            "type": "wordpress-plugin",
            "homepage": "https://wordpress.org/plugins/wordpress-seo/"
        },
        {
            "name": "wpackagist-theme/wp-bootstrap-4",
            "version": "1.0.8",
            "source": {
                "type": "svn",
                "url": "https://themes.svn.wordpress.org/wp-bootstrap-4/",
                "reference": "1.0.8"
            },
            "dist": {
                "type": "zip",
                "url": "https://downloads.wordpress.org/theme/wp-bootstrap-4.1.0.8.zip",
                "reference": null,
                "shasum": null
            },
            "require": {
                "composer/installers": "~1.0"
            },
            "type": "wordpress-theme",
            "homepage": "https://wordpress.org/themes/wp-bootstrap-4/"
        }
    ],
    "packages-dev": [],
    "aliases": [],
    "minimum-stability": "stable",
    "stability-flags": {
        "skypress/wp-composer-hello-world": 20,
        "skypress/wp-composer-theme": 20
    },
    "prefer-stable": false,
    "prefer-lowest": false,
    "platform": [],
    "platform-dev": []
}
